
Microsoft Visual Studio Solution File, Format Version 12.00
# Visual Studio Version 17
VisualStudioVersion = 17.8.34322.80
MinimumVisualStudioVersion = 10.0.40219.1
Project("{FAE04EC0-301F-11D3-BF4B-00C04F79EFBC}") = "GrpcGreeterClient", "GrpcGreeterClient\GrpcGreeterClient.csproj", "{A2B66081-47D2-464E-B216-DD43B4CBDE16}"
EndProject
Global
	GlobalSection(SolutionConfigurationPlatforms) = preSolution
		Debug|Any CPU = Debug|Any CPU
		Release|Any CPU = Release|Any CPU
	EndGlobalSection
	GlobalSection(ProjectConfigurationPlatforms) = postSolution
		{A2B66081-47D2-464E-B216-DD43B4CBDE16}.Debug|Any CPU.ActiveCfg = Debug|Any CPU
		{A2B66081-47D2-464E-B216-DD43B4CBDE16}.Debug|Any CPU.Build.0 = Debug|Any CPU
		{A2B66081-47D2-464E-B216-DD43B4CBDE16}.Release|Any CPU.ActiveCfg = Release|Any CPU
		{A2B66081-47D2-464E-B216-DD43B4CBDE16}.Release|Any CPU.Build.0 = Release|Any CPU
	EndGlobalSection
	GlobalSection(SolutionProperties) = preSolution
		HideSolutionNode = FALSE
	EndGlobalSection
	GlobalSection(ExtensibilityGlobals) = postSolution
		SolutionGuid = {48BDD4EC-311C-48F3-BEE4-351DA88D6EAB}
	EndGlobalSection
EndGlobal
